<Solution>
  <Folder Name="/src/">
    <Project Path="src/ApiGateway/AresNexus.Gateway.Api.csproj" />
    <Project Path="src/Services/SettlementService/API/AresNexus.Settlement.Api.csproj" />
    <Project Path="src/Services/SettlementService/Application/AresNexus.Settlement.Application.csproj" />
    <Project Path="src/Services/SettlementService/Domain/AresNexus.Settlement.Domain.csproj" />
    <Project Path="src/Services/SettlementService/Infrastructure/AresNexus.Settlement.Infrastructure.csproj" />
    <File Path="src/Services/ComplianceService/Dockerfile" />
    <File Path="src/Services/ComplianceService/main.py" />
    <Project Path="src/BuildingBlocks/Domain/AresNexus.Shared.Kernel.csproj" />
  </Folder>
  <Folder Name="/tests/">
    <Project Path="tests/AresNexus.Tests.Unit/AresNexus.Tests.Unit.csproj" />
    <Project Path="tests/AresNexus.Tests.Integration/AresNexus.Tests.Integration.csproj" />
    <Project Path="tests/AresNexus.Tests.Architecture/AresNexus.Tests.Architecture.csproj" />
  </Folder>
  <Folder Name="/benchmarks/">
    <Project Path="benchmarks/AresNexus.Benchmarks/AresNexus.Benchmarks.csproj" />
  </Folder>
  <Folder Name="/docs/">
    <File Path="docs/01-strategic-vision.md" />
    <File Path="docs/02-adr-001-event-sourcing.md" />
    <File Path="docs/02-adr-002-storage-marten-vs-eventstoredb.md" />
    <File Path="docs/02-adr-003-messaging-rabbitmq-vs-kafka.md" />
    <File Path="docs/02-adr-004-apis-minimal-vs-controllers.md" />
    <File Path="docs/03-architecture-definition.md" />
    <File Path="docs/04-visual-architecture-c4.md" />
    <File Path="docs/05-resilience-and-scalability.md" />
    <File Path="docs/06-implementation-plan.md" />
    <File Path="docs/06-performance-and-sla.md" />
    <File Path="docs/07-infrastructure-as-code-manifest.md" />
    <File Path="docs/07-regulatory-compliance-mapping.md" />
    <File Path="docs/07-regulatory-compliance.md" />
    <File Path="docs/10-portfolio-summary.md" />
    <File Path="docs/14-advanced-resilience.md" />
    <File Path="docs/14-operational-resilience-dora.md" />
    <File Path="docs/system-context.md" />
  </Folder>
  <Folder Name="/deploy/">
    <File Path="deploy/kubernetes/08-k8s-network-policy.yaml" />
    <File Path="deploy/kubernetes/08-k8s-resilience-manifest.yaml" />
    <File Path="deploy/kubernetes/08b-k8s-network-policy.yaml" />
    <File Path="deploy/kubernetes/09-k8s-resilience-manifest.yaml" />
    <File Path="deploy/kubernetes/09-resource-quota.yaml" />
    <File Path="deploy/kubernetes/10-pod-disruption-budget.yaml" />
    <File Path="deploy/monitoring/grafana/dashboard-settlement.json" />
    <File Path="deploy/monitoring/prometheus/prometheus.yml" />
    <File Path="deploy/monitoring/prometheus/rules.yml" />
  </Folder>
</Solution>
